// !$*UTF8*$!
{
	archiveVersion = 1;
	classes = {
	};
	objectVersion = 46;
	objects = {

/* Begin PBXBuildFile section */
		4D2B40031BAC405B00E7A2FB /* SavedGame.m in Sources */ = {isa = PBXBuildFile; fileRef = 4D2B40021BAC405B00E7A2FB /* SavedGame.m */; };
		4D2B40061BAC405B00E7A2FB /* GameCategory.m in Sources */ = {isa = PBXBuildFile; fileRef = 4D2B40051BAC405B00E7A2FB /* GameCategory.m */; };
		4D2B40091BAC405B00E7A2FB /* GameGenre.m in Sources */ = {isa = PBXBuildFile; fileRef = 4D2B40081BAC405B00E7A2FB /* GameGenre.m */; };
		4D2B40151BAC8E3700E7A2FB /* GameScreenshot.m in Sources */ = {isa = PBXBuildFile; fileRef = 4D2B40141BAC8E3700E7A2FB /* GameScreenshot.m */; };
		4D5EB83D1BAC31A70061D408 /* SearchGameTableViewCell.xib in Resources */ = {isa = PBXBuildFile; fileRef = 4D5EB83C1BAC31A70061D408 /* SearchGameTableViewCell.xib */; };
		4DEA8EB61BABDCA30097DD92 /* GameScreenshotsScrollView.m in Sources */ = {isa = PBXBuildFile; fileRef = 4DEA8EB51BABDCA30097DD92 /* GameScreenshotsScrollView.m */; };
		4DEA8EB91BABDF320097DD92 /* GameDetailScrollView.m in Sources */ = {isa = PBXBuildFile; fileRef = 4DEA8EB81BABDF320097DD92 /* GameDetailScrollView.m */; };
		4DEA8EC01BABFEFA0097DD92 /* SavedGamesTableViewCell.m in Sources */ = {isa = PBXBuildFile; fileRef = 4DEA8EBF1BABFEFA0097DD92 /* SavedGamesTableViewCell.m */; };
		4DEA8EC31BAC06D00097DD92 /* SavedGameTableViewController.m in Sources */ = {isa = PBXBuildFile; fileRef = 4DEA8EC21BAC06D00097DD92 /* SavedGameTableViewController.m */; };
		4DEC02071BAA84360086710C /* GamesTableViewController.m in Sources */ = {isa = PBXBuildFile; fileRef = 4DEC02061BAA84360086710C /* GamesTableViewController.m */; };
		4DEC020A1BAA85430086710C /* GamesTableViewCell.m in Sources */ = {isa = PBXBuildFile; fileRef = 4DEC02091BAA85430086710C /* GamesTableViewCell.m */; };
		4DEC020D1BAAA20F0086710C /* Game.m in Sources */ = {isa = PBXBuildFile; fileRef = 4DEC020C1BAAA20F0086710C /* Game.m */; };
		4DEC02101BAB783F0086710C /* GameDetailViewController.m in Sources */ = {isa = PBXBuildFile; fileRef = 4DEC020F1BAB783F0086710C /* GameDetailViewController.m */; };
		4DF292861BAA176B009D2CA4 /* main.m in Sources */ = {isa = PBXBuildFile; fileRef = 4DF292851BAA176B009D2CA4 /* main.m */; };
		4DF292891BAA176B009D2CA4 /* AppDelegate.m in Sources */ = {isa = PBXBuildFile; fileRef = 4DF292881BAA176B009D2CA4 /* AppDelegate.m */; };
		4DF2928C1BAA176B009D2CA4 /* iVulcun.xcdatamodeld in Sources */ = {isa = PBXBuildFile; fileRef = 4DF2928A1BAA176B009D2CA4 /* iVulcun.xcdatamodeld */; };
		4DF292921BAA176B009D2CA4 /* Main.storyboard in Resources */ = {isa = PBXBuildFile; fileRef = 4DF292901BAA176B009D2CA4 /* Main.storyboard */; };
		4DF292941BAA176B009D2CA4 /* Images.xcassets in Resources */ = {isa = PBXBuildFile; fileRef = 4DF292931BAA176B009D2CA4 /* Images.xcassets */; };
		4DF292971BAA176B009D2CA4 /* LaunchScreen.xib in Resources */ = {isa = PBXBuildFile; fileRef = 4DF292951BAA176B009D2CA4 /* LaunchScreen.xib */; };
		4DF292A31BAA176B009D2CA4 /* iVulcunTests.m in Sources */ = {isa = PBXBuildFile; fileRef = 4DF292A21BAA176B009D2CA4 /* iVulcunTests.m */; };
/* End PBXBuildFile section */

/* Begin PBXContainerItemProxy section */
		4DF2929D1BAA176B009D2CA4 /* PBXContainerItemProxy */ = {
			isa = PBXContainerItemProxy;
			containerPortal = 4DF292781BAA176B009D2CA4 /* Project object */;
			proxyType = 1;
			remoteGlobalIDString = 4DF2927F1BAA176B009D2CA4;
			remoteInfo = iVulcun;
		};
/* End PBXContainerItemProxy section */

/* Begin PBXFileReference section */
		4D2B40011BAC405B00E7A2FB /* SavedGame.h */ = {isa = PBXFileReference; fileEncoding = 4; lastKnownFileType = sourcecode.c.h; path = SavedGame.h; sourceTree = "<group>"; };
		4D2B40021BAC405B00E7A2FB /* SavedGame.m */ = {isa = PBXFileReference; fileEncoding = 4; lastKnownFileType = sourcecode.c.objc; path = SavedGame.m; sourceTree = "<group>"; };
		4D2B40041BAC405B00E7A2FB /* GameCategory.h */ = {isa = PBXFileReference; fileEncoding = 4; lastKnownFileType = sourcecode.c.h; path = GameCategory.h; sourceTree = "<group>"; };
		4D2B40051BAC405B00E7A2FB /* GameCategory.m */ = {isa = PBXFileReference; fileEncoding = 4; lastKnownFileType = sourcecode.c.objc; path = GameCategory.m; sourceTree = "<group>"; };
		4D2B40071BAC405B00E7A2FB /* GameGenre.h */ = {isa = PBXFileReference; fileEncoding = 4; lastKnownFileType = sourcecode.c.h; path = GameGenre.h; sourceTree = "<group>"; };
		4D2B40081BAC405B00E7A2FB /* GameGenre.m */ = {isa = PBXFileReference; fileEncoding = 4; lastKnownFileType = sourcecode.c.objc; path = GameGenre.m; sourceTree = "<group>"; };
		4D2B40131BAC8E3700E7A2FB /* GameScreenshot.h */ = {isa = PBXFileReference; fileEncoding = 4; lastKnownFileType = sourcecode.c.h; path = GameScreenshot.h; sourceTree = "<group>"; };
		4D2B40141BAC8E3700E7A2FB /* GameScreenshot.m */ = {isa = PBXFileReference; fileEncoding = 4; lastKnownFileType = sourcecode.c.objc; path = GameScreenshot.m; sourceTree = "<group>"; };
		4D5EB83C1BAC31A70061D408 /* SearchGameTableViewCell.xib */ = {isa = PBXFileReference; fileEncoding = 4; lastKnownFileType = file.xib; path = SearchGameTableViewCell.xib; sourceTree = "<group>"; };
		4DEA8EB41BABDCA30097DD92 /* GameScreenshotsScrollView.h */ = {isa = PBXFileReference; fileEncoding = 4; lastKnownFileType = sourcecode.c.h; path = GameScreenshotsScrollView.h; sourceTree = "<group>"; };
		4DEA8EB51BABDCA30097DD92 /* GameScreenshotsScrollView.m */ = {isa = PBXFileReference; fileEncoding = 4; lastKnownFileType = sourcecode.c.objc; path = GameScreenshotsScrollView.m; sourceTree = "<group>"; };
		4DEA8EB71BABDF320097DD92 /* GameDetailScrollView.h */ = {isa = PBXFileReference; fileEncoding = 4; lastKnownFileType = sourcecode.c.h; path = GameDetailScrollView.h; sourceTree = "<group>"; };
		4DEA8EB81BABDF320097DD92 /* GameDetailScrollView.m */ = {isa = PBXFileReference; fileEncoding = 4; lastKnownFileType = sourcecode.c.objc; path = GameDetailScrollView.m; sourceTree = "<group>"; };
		4DEA8EBE1BABFEFA0097DD92 /* SavedGamesTableViewCell.h */ = {isa = PBXFileReference; fileEncoding = 4; lastKnownFileType = sourcecode.c.h; path = SavedGamesTableViewCell.h; sourceTree = "<group>"; };
		4DEA8EBF1BABFEFA0097DD92 /* SavedGamesTableViewCell.m */ = {isa = PBXFileReference; fileEncoding = 4; lastKnownFileType = sourcecode.c.objc; path = SavedGamesTableViewCell.m; sourceTree = "<group>"; };
		4DEA8EC11BAC06D00097DD92 /* SavedGameTableViewController.h */ = {isa = PBXFileReference; fileEncoding = 4; lastKnownFileType = sourcecode.c.h; path = SavedGameTableViewController.h; sourceTree = "<group>"; };
		4DEA8EC21BAC06D00097DD92 /* SavedGameTableViewController.m */ = {isa = PBXFileReference; fileEncoding = 4; lastKnownFileType = sourcecode.c.objc; path = SavedGameTableViewController.m; sourceTree = "<group>"; };
		4DEC02051BAA84360086710C /* GamesTableViewController.h */ = {isa = PBXFileReference; fileEncoding = 4; lastKnownFileType = sourcecode.c.h; path = GamesTableViewController.h; sourceTree = "<group>"; };
		4DEC02061BAA84360086710C /* GamesTableViewController.m */ = {isa = PBXFileReference; fileEncoding = 4; lastKnownFileType = sourcecode.c.objc; path = GamesTableViewController.m; sourceTree = "<group>"; };
		4DEC02081BAA85430086710C /* GamesTableViewCell.h */ = {isa = PBXFileReference; fileEncoding = 4; lastKnownFileType = sourcecode.c.h; path = GamesTableViewCell.h; sourceTree = "<group>"; };
		4DEC02091BAA85430086710C /* GamesTableViewCell.m */ = {isa = PBXFileReference; fileEncoding = 4; lastKnownFileType = sourcecode.c.objc; path = GamesTableViewCell.m; sourceTree = "<group>"; };
		4DEC020B1BAAA20F0086710C /* Game.h */ = {isa = PBXFileReference; fileEncoding = 4; lastKnownFileType = sourcecode.c.h; path = Game.h; sourceTree = "<group>"; };
		4DEC020C1BAAA20F0086710C /* Game.m */ = {isa = PBXFileReference; fileEncoding = 4; lastKnownFileType = sourcecode.c.objc; path = Game.m; sourceTree = "<group>"; };
		4DEC020E1BAB783F0086710C /* GameDetailViewController.h */ = {isa = PBXFileReference; fileEncoding = 4; lastKnownFileType = sourcecode.c.h; path = GameDetailViewController.h; sourceTree = "<group>"; };
		4DEC020F1BAB783F0086710C /* GameDetailViewController.m */ = {isa = PBXFileReference; fileEncoding = 4; lastKnownFileType = sourcecode.c.objc; path = GameDetailViewController.m; sourceTree = "<group>"; };
		4DF292801BAA176B009D2CA4 /* iVulcun.app */ = {isa = PBXFileReference; explicitFileType = wrapper.application; includeInIndex = 0; path = iVulcun.app; sourceTree = BUILT_PRODUCTS_DIR; };
		4DF292841BAA176B009D2CA4 /* Info.plist */ = {isa = PBXFileReference; lastKnownFileType = text.plist.xml; path = Info.plist; sourceTree = "<group>"; };
		4DF292851BAA176B009D2CA4 /* main.m */ = {isa = PBXFileReference; lastKnownFileType = sourcecode.c.objc; path = main.m; sourceTree = "<group>"; };
		4DF292871BAA176B009D2CA4 /* AppDelegate.h */ = {isa = PBXFileReference; lastKnownFileType = sourcecode.c.h; path = AppDelegate.h; sourceTree = "<group>"; };
		4DF292881BAA176B009D2CA4 /* AppDelegate.m */ = {isa = PBXFileReference; lastKnownFileType = sourcecode.c.objc; path = AppDelegate.m; sourceTree = "<group>"; };
		4DF2928B1BAA176B009D2CA4 /* iVulcun.xcdatamodel */ = {isa = PBXFileReference; lastKnownFileType = wrapper.xcdatamodel; path = iVulcun.xcdatamodel; sourceTree = "<group>"; };
		4DF292911BAA176B009D2CA4 /* Base */ = {isa = PBXFileReference; lastKnownFileType = file.storyboard; name = Base; path = Base.lproj/Main.storyboard; sourceTree = "<group>"; };
		4DF292931BAA176B009D2CA4 /* Images.xcassets */ = {isa = PBXFileReference; lastKnownFileType = folder.assetcatalog; path = Images.xcassets; sourceTree = "<group>"; };
		4DF292961BAA176B009D2CA4 /* Base */ = {isa = PBXFileReference; lastKnownFileType = file.xib; name = Base; path = Base.lproj/LaunchScreen.xib; sourceTree = "<group>"; };
		4DF2929C1BAA176B009D2CA4 /* iVulcunTests.xctest */ = {isa = PBXFileReference; explicitFileType = wrapper.cfbundle; includeInIndex = 0; path = iVulcunTests.xctest; sourceTree = BUILT_PRODUCTS_DIR; };
		4DF292A11BAA176B009D2CA4 /* Info.plist */ = {isa = PBXFileReference; lastKnownFileType = text.plist.xml; path = Info.plist; sourceTree = "<group>"; };
		4DF292A21BAA176B009D2CA4 /* iVulcunTests.m */ = {isa = PBXFileReference; lastKnownFileType = sourcecode.c.objc; path = iVulcunTests.m; sourceTree = "<group>"; };
/* End PBXFileReference section */

/* Begin PBXFrameworksBuildPhase section */
		4DF2927D1BAA176B009D2CA4 /* Frameworks */ = {
			isa = PBXFrameworksBuildPhase;
			buildActionMask = 2147483647;
			files = (
			);
			runOnlyForDeploymentPostprocessing = 0;
		};
		4DF292991BAA176B009D2CA4 /* Frameworks */ = {
			isa = PBXFrameworksBuildPhase;
			buildActionMask = 2147483647;
			files = (
			);
			runOnlyForDeploymentPostprocessing = 0;
		};
/* End PBXFrameworksBuildPhase section */

/* Begin PBXGroup section */
		4DEA8EBD1BABF8460097DD92 /* CoreDataModels */ = {
			isa = PBXGroup;
			children = (
				4D2B40071BAC405B00E7A2FB /* GameGenre.h */,
				4D2B40081BAC405B00E7A2FB /* GameGenre.m */,
				4D2B40041BAC405B00E7A2FB /* GameCategory.h */,
				4D2B40051BAC405B00E7A2FB /* GameCategory.m */,
				4D2B40131BAC8E3700E7A2FB /* GameScreenshot.h */,
				4D2B40141BAC8E3700E7A2FB /* GameScreenshot.m */,
				4D2B40011BAC405B00E7A2FB /* SavedGame.h */,
				4D2B40021BAC405B00E7A2FB /* SavedGame.m */,
			);
			name = CoreDataModels;
			sourceTree = "<group>";
		};
		4DF292771BAA176B009D2CA4 = {
			isa = PBXGroup;
			children = (
				4DF292821BAA176B009D2CA4 /* iVulcun */,
				4DF2929F1BAA176B009D2CA4 /* iVulcunTests */,
				4DF292811BAA176B009D2CA4 /* Products */,
			);
			sourceTree = "<group>";
		};
		4DF292811BAA176B009D2CA4 /* Products */ = {
			isa = PBXGroup;
			children = (
				4DF292801BAA176B009D2CA4 /* iVulcun.app */,
				4DF2929C1BAA176B009D2CA4 /* iVulcunTests.xctest */,
			);
			name = Products;
			sourceTree = "<group>";
		};
		4DF292821BAA176B009D2CA4 /* iVulcun */ = {
			isa = PBXGroup;
			children = (
				4DF292AE1BAA1845009D2CA4 /* Controllers */,
				4DF292AD1BAA183F009D2CA4 /* Views */,
				4DF292AC1BAA1836009D2CA4 /* Models */,
				4DF292871BAA176B009D2CA4 /* AppDelegate.h */,
				4DF292881BAA176B009D2CA4 /* AppDelegate.m */,
				4DF292901BAA176B009D2CA4 /* Main.storyboard */,
				4DF292931BAA176B009D2CA4 /* Images.xcassets */,
				4DF292951BAA176B009D2CA4 /* LaunchScreen.xib */,
				4DF2928A1BAA176B009D2CA4 /* iVulcun.xcdatamodeld */,
				4DF292831BAA176B009D2CA4 /* Supporting Files */,
				4D5EB83C1BAC31A70061D408 /* SearchGameTableViewCell.xib */,
			);
			path = iVulcun;
			sourceTree = "<group>";
		};
		4DF292831BAA176B009D2CA4 /* Supporting Files */ = {
			isa = PBXGroup;
			children = (
				4DF292841BAA176B009D2CA4 /* Info.plist */,
				4DF292851BAA176B009D2CA4 /* main.m */,
			);
			name = "Supporting Files";
			sourceTree = "<group>";
		};
		4DF2929F1BAA176B009D2CA4 /* iVulcunTests */ = {
			isa = PBXGroup;
			children = (
				4DF292A21BAA176B009D2CA4 /* iVulcunTests.m */,
				4DF292A01BAA176B009D2CA4 /* Supporting Files */,
			);
			path = iVulcunTests;
			sourceTree = "<group>";
		};
		4DF292A01BAA176B009D2CA4 /* Supporting Files */ = {
			isa = PBXGroup;
			children = (
				4DF292A11BAA176B009D2CA4 /* Info.plist */,
			);
			name = "Supporting Files";
			sourceTree = "<group>";
		};
		4DF292AC1BAA1836009D2CA4 /* Models */ = {
			isa = PBXGroup;
			children = (
				4DEA8EBD1BABF8460097DD92 /* CoreDataModels */,
				4DEC020B1BAAA20F0086710C /* Game.h */,
				4DEC020C1BAAA20F0086710C /* Game.m */,
			);
			name = Models;
			sourceTree = "<group>";
		};
		4DF292AD1BAA183F009D2CA4 /* Views */ = {
			isa = PBXGroup;
			children = (
				4DEC02081BAA85430086710C /* GamesTableViewCell.h */,
				4DEC02091BAA85430086710C /* GamesTableViewCell.m */,
				4DEA8EB41BABDCA30097DD92 /* GameScreenshotsScrollView.h */,
				4DEA8EB51BABDCA30097DD92 /* GameScreenshotsScrollView.m */,
				4DEA8EB71BABDF320097DD92 /* GameDetailScrollView.h */,
				4DEA8EB81BABDF320097DD92 /* GameDetailScrollView.m */,
				4DEA8EBE1BABFEFA0097DD92 /* SavedGamesTableViewCell.h */,
				4DEA8EBF1BABFEFA0097DD92 /* SavedGamesTableViewCell.m */,
			);
			name = Views;
			sourceTree = "<group>";
		};
		4DF292AE1BAA1845009D2CA4 /* Controllers */ = {
			isa = PBXGroup;
			children = (
				4DEA8EC11BAC06D00097DD92 /* SavedGameTableViewController.h */,
				4DEA8EC21BAC06D00097DD92 /* SavedGameTableViewController.m */,
				4DEC02051BAA84360086710C /* GamesTableViewController.h */,
				4DEC02061BAA84360086710C /* GamesTableViewController.m */,
				4DEC020E1BAB783F0086710C /* GameDetailViewController.h */,
				4DEC020F1BAB783F0086710C /* GameDetailViewController.m */,
			);
			name = Controllers;
			sourceTree = "<group>";
		};
/* End PBXGroup section */

/* Begin PBXNativeTarget section */
		4DF2927F1BAA176B009D2CA4 /* iVulcun */ = {
			isa = PBXNativeTarget;
			buildConfigurationList = 4DF292A61BAA176B009D2CA4 /* Build configuration list for PBXNativeTarget "iVulcun" */;
			buildPhases = (
				4DF2927C1BAA176B009D2CA4 /* Sources */,
				4DF2927D1BAA176B009D2CA4 /* Frameworks */,
				4DF2927E1BAA176B009D2CA4 /* Resources */,
			);
			buildRules = (
			);
			dependencies = (
			);
			name = iVulcun;
			productName = iVulcun;
			productReference = 4DF292801BAA176B009D2CA4 /* iVulcun.app */;
			productType = "com.apple.product-type.application";
		};
		4DF2929B1BAA176B009D2CA4 /* iVulcunTests */ = {
			isa = PBXNativeTarget;
			buildConfigurationList = 4DF292A91BAA176B009D2CA4 /* Build configuration list for PBXNativeTarget "iVulcunTests" */;
			buildPhases = (
				4DF292981BAA176B009D2CA4 /* Sources */,
				4DF292991BAA176B009D2CA4 /* Frameworks */,
				4DF2929A1BAA176B009D2CA4 /* Resources */,
			);
			buildRules = (
			);
			dependencies = (
				4DF2929E1BAA176B009D2CA4 /* PBXTargetDependency */,
			);
			name = iVulcunTests;
			productName = iVulcunTests;
			productReference = 4DF2929C1BAA176B009D2CA4 /* iVulcunTests.xctest */;
			productType = "com.apple.product-type.bundle.unit-test";
		};
/* End PBXNativeTarget section */

/* Begin PBXProject section */
		4DF292781BAA176B009D2CA4 /* Project object */ = {
			isa = PBXProject;
			attributes = {
				LastUpgradeCheck = 0630;
				ORGANIZATIONNAME = "Yu Qi Hao";
				TargetAttributes = {
					4DF2927F1BAA176B009D2CA4 = {
						CreatedOnToolsVersion = 6.3.2;
					};
					4DF2929B1BAA176B009D2CA4 = {
						CreatedOnToolsVersion = 6.3.2;
						TestTargetID = 4DF2927F1BAA176B009D2CA4;
					};
				};
			};
			buildConfigurationList = 4DF2927B1BAA176B009D2CA4 /* Build configuration list for PBXProject "iVulcun" */;
			compatibilityVersion = "Xcode 3.2";
			developmentRegion = English;
			hasScannedForEncodings = 0;
			knownRegions = (
				en,
				Base,
			);
			mainGroup = 4DF292771BAA176B009D2CA4;
			productRefGroup = 4DF292811BAA176B009D2CA4 /* Products */;
			projectDirPath = "";
			projectRoot = "";
			targets = (
				4DF2927F1BAA176B009D2CA4 /* iVulcun */,
				4DF2929B1BAA176B009D2CA4 /* iVulcunTests */,
			);
		};
/* End PBXProject section */

/* Begin PBXResourcesBuildPhase section */
		4DF2927E1BAA176B009D2CA4 /* Resources */ = {
			isa = PBXResourcesBuildPhase;
			buildActionMask = 2147483647;
			files = (
				4DF292921BAA176B009D2CA4 /* Main.storyboard in Resources */,
				4DF292971BAA176B009D2CA4 /* LaunchScreen.xib in Resources */,
				4DF292941BAA176B009D2CA4 /* Images.xcassets in Resources */,
				4D5EB83D1BAC31A70061D408 /* SearchGameTableViewCell.xib in Resources */,
			);
			runOnlyForDeploymentPostprocessing = 0;
		};
		4DF2929A1BAA176B009D2CA4 /* Resources */ = {
			isa = PBXResourcesBuildPhase;
			buildActionMask = 2147483647;
			files = (
			);
			runOnlyForDeploymentPostprocessing = 0;
		};
/* End PBXResourcesBuildPhase section */

/* Begin PBXSourcesBuildPhase section */
		4DF2927C1BAA176B009D2CA4 /* Sources */ = {
			isa = PBXSourcesBuildPhase;
			buildActionMask = 2147483647;
			files = (
				4DF2928C1BAA176B009D2CA4 /* iVulcun.xcdatamodeld in Sources */,
				4D2B40091BAC405B00E7A2FB /* GameGenre.m in Sources */,
				4DEC02101BAB783F0086710C /* GameDetailViewController.m in Sources */,
				4D2B40151BAC8E3700E7A2FB /* GameScreenshot.m in Sources */,
				4DEC02071BAA84360086710C /* GamesTableViewController.m in Sources */,
				4D2B40031BAC405B00E7A2FB /* SavedGame.m in Sources */,
				4DF292891BAA176B009D2CA4 /* AppDelegate.m in Sources */,
				4DEC020A1BAA85430086710C /* GamesTableViewCell.m in Sources */,
				4DF292861BAA176B009D2CA4 /* main.m in Sources */,
				4D2B40061BAC405B00E7A2FB /* GameCategory.m in Sources */,
				4DEC020D1BAAA20F0086710C /* Game.m in Sources */,
				4DEA8EB61BABDCA30097DD92 /* GameScreenshotsScrollView.m in Sources */,
				4DEA8EC31BAC06D00097DD92 /* SavedGameTableViewController.m in Sources */,
				4DEA8EB91BABDF320097DD92 /* GameDetailScrollView.m in Sources */,
				4DEA8EC01BABFEFA0097DD92 /* SavedGamesTableViewCell.m in Sources */,
			);
			runOnlyForDeploymentPostprocessing = 0;
		};
		4DF292981BAA176B009D2CA4 /* Sources */ = {
			isa = PBXSourcesBuildPhase;
			buildActionMask = 2147483647;
			files = (
				4DF292A31BAA176B009D2CA4 /* iVulcunTests.m in Sources */,
			);
			runOnlyForDeploymentPostprocessing = 0;
		};
/* End PBXSourcesBuildPhase section */

/* Begin PBXTargetDependency section */
		4DF2929E1BAA176B009D2CA4 /* PBXTargetDependency */ = {
			isa = PBXTargetDependency;
			target = 4DF2927F1BAA176B009D2CA4 /* iVulcun */;
			targetProxy = 4DF2929D1BAA176B009D2CA4 /* PBXContainerItemProxy */;
		};
/* End PBXTargetDependency section */

/* Begin PBXVariantGroup section */
		4DF292901BAA176B009D2CA4 /* Main.storyboard */ = {
			isa = PBXVariantGroup;
			children = (
				4DF292911BAA176B009D2CA4 /* Base */,
			);
			name = Main.storyboard;
			sourceTree = "<group>";
		};
		4DF292951BAA176B009D2CA4 /* LaunchScreen.xib */ = {
			isa = PBXVariantGroup;
			children = (
				4DF292961BAA176B009D2CA4 /* Base */,
			);
			name = LaunchScreen.xib;
			sourceTree = "<group>";
		};
/* End PBXVariantGroup section */

/* Begin XCBuildConfiguration section */
		4DF292A41BAA176B009D2CA4 /* Debug */ = {
			isa = XCBuildConfiguration;
			buildSettings = {
				ALWAYS_SEARCH_USER_PATHS = NO;
				CLANG_CXX_LANGUAGE_STANDARD = "gnu++0x";
				CLANG_CXX_LIBRARY = "libc++";
				CLANG_ENABLE_MODULES = YES;
				CLANG_ENABLE_OBJC_ARC = YES;
				CLANG_WARN_BOOL_CONVERSION = YES;
				CLANG_WARN_CONSTANT_CONVERSION = YES;
				CLANG_WARN_DIRECT_OBJC_ISA_USAGE = YES_ERROR;
				CLANG_WARN_EMPTY_BODY = YES;
				CLANG_WARN_ENUM_CONVERSION = YES;
				CLANG_WARN_INT_CONVERSION = YES;
				CLANG_WARN_OBJC_ROOT_CLASS = YES_ERROR;
				CLANG_WARN_UNREACHABLE_CODE = YES;
				CLANG_WARN__DUPLICATE_METHOD_MATCH = YES;
				"CODE_SIGN_IDENTITY[sdk=iphoneos*]" = "iPhone Developer";
				COPY_PHASE_STRIP = NO;
				DEBUG_INFORMATION_FORMAT = "dwarf-with-dsym";
				ENABLE_STRICT_OBJC_MSGSEND = YES;
				GCC_C_LANGUAGE_STANDARD = gnu99;
				GCC_DYNAMIC_NO_PIC = NO;
				GCC_NO_COMMON_BLOCKS = YES;
				GCC_OPTIMIZATION_LEVEL = 0;
				GCC_PREPROCESSOR_DEFINITIONS = (
					"DEBUG=1",
					"$(inherited)",
				);
				GCC_SYMBOLS_PRIVATE_EXTERN = NO;
				GCC_WARN_64_TO_32_BIT_CONVERSION = YES;
				GCC_WARN_ABOUT_RETURN_TYPE = YES_ERROR;
				GCC_WARN_UNDECLARED_SELECTOR = YES;
				GCC_WARN_UNINITIALIZED_AUTOS = YES_AGGRESSIVE;
				GCC_WARN_UNUSED_FUNCTION = YES;
				GCC_WARN_UNUSED_VARIABLE = YES;
				IPHONEOS_DEPLOYMENT_TARGET = 7.0;
				MTL_ENABLE_DEBUG_INFO = YES;
				ONLY_ACTIVE_ARCH = YES;
				SDKROOT = iphoneos;
			};
			name = Debug;
		};
		4DF292A51BAA176B009D2CA4 /* Release */ = {
			isa = XCBuildConfiguration;
			buildSettings = {
				ALWAYS_SEARCH_USER_PATHS = NO;
				CLANG_CXX_LANGUAGE_STANDARD = "gnu++0x";
				CLANG_CXX_LIBRARY = "libc++";
				CLANG_ENABLE_MODULES = YES;
				CLANG_ENABLE_OBJC_ARC = YES;
				CLANG_WARN_BOOL_CONVERSION = YES;
				CLANG_WARN_CONSTANT_CONVERSION = YES;
				CLANG_WARN_DIRECT_OBJC_ISA_USAGE = YES_ERROR;
				CLANG_WARN_EMPTY_BODY = YES;
				CLANG_WARN_ENUM_CONVERSION = YES;
				CLANG_WARN_INT_CONVERSION = YES;
				CLANG_WARN_OBJC_ROOT_CLASS = YES_ERROR;
				CLANG_WARN_UNREACHABLE_CODE = YES;
				CLANG_WARN__DUPLICATE_METHOD_MATCH = YES;
				"CODE_SIGN_IDENTITY[sdk=iphoneos*]" = "iPhone Developer";
				COPY_PHASE_STRIP = NO;
				DEBUG_INFORMATION_FORMAT = "dwarf-with-dsym";
				ENABLE_NS_ASSERTIONS = NO;
				ENABLE_STRICT_OBJC_MSGSEND = YES;
				GCC_C_LANGUAGE_STANDARD = gnu99;
				GCC_NO_COMMON_BLOCKS = YES;
				GCC_WARN_64_TO_32_BIT_CONVERSION = YES;
				GCC_WARN_ABOUT_RETURN_TYPE = YES_ERROR;
				GCC_WARN_UNDECLARED_SELECTOR = YES;
				GCC_WARN_UNINITIALIZED_AUTOS = YES_AGGRESSIVE;
				GCC_WARN_UNUSED_FUNCTION = YES;
				GCC_WARN_UNUSED_VARIABLE = YES;
				IPHONEOS_DEPLOYMENT_TARGET = 7.0;
				MTL_ENABLE_DEBUG_INFO = NO;
				SDKROOT = iphoneos;
				VALIDATE_PRODUCT = YES;
			};
			name = Release;
		};
		4DF292A71BAA176B009D2CA4 /* Debug */ = {
			isa = XCBuildConfiguration;
			buildSettings = {
				ASSETCATALOG_COMPILER_APPICON_NAME = AppIcon;
				FRAMEWORK_SEARCH_PATHS = (
					"$(inherited)",
					"$(PROJECT_DIR)",
				);
				INFOPLIST_FILE = iVulcun/Info.plist;
				LD_RUNPATH_SEARCH_PATHS = "$(inherited) @executable_path/Frameworks";
				PRODUCT_NAME = "$(TARGET_NAME)";
			};
			name = Debug;
		};
		4DF292A81BAA176B009D2CA4 /* Release */ = {
			isa = XCBuildConfiguration;
			buildSettings = {
				ASSETCATALOG_COMPILER_APPICON_NAME = AppIcon;
				FRAMEWORK_SEARCH_PATHS = (
					"$(inherited)",
					"$(PROJECT_DIR)",
				);
				INFOPLIST_FILE = iVulcun/Info.plist;
				LD_RUNPATH_SEARCH_PATHS = "$(inherited) @executable_path/Frameworks";
				PRODUCT_NAME = "$(TARGET_NAME)";
			};
			name = Release;
		};
		4DF292AA1BAA176B009D2CA4 /* Debug */ = {
			isa = XCBuildConfiguration;
			buildSettings = {
				BUNDLE_LOADER = "$(TEST_HOST)";
				FRAMEWORK_SEARCH_PATHS = (
					"$(SDKROOT)/Developer/Library/Frameworks",
					"$(inherited)",
				);
				GCC_PREPROCESSOR_DEFINITIONS = (
					"DEBUG=1",
					"$(inherited)",
				);
				INFOPLIST_FILE = iVulcunTests/Info.plist;
				LD_RUNPATH_SEARCH_PATHS = "$(inherited) @executable_path/Frameworks @loader_path/Frameworks";
				PRODUCT_NAME = "$(TARGET_NAME)";
				TEST_HOST = "$(BUILT_PRODUCTS_DIR)/iVulcun.app/iVulcun";
			};
			name = Debug;
		};
		4DF292AB1BAA176B009D2CA4 /* Release */ = {
			isa = XCBuildConfiguration;
			buildSettings = {
				BUNDLE_LOADER = "$(TEST_HOST)";
				FRAMEWORK_SEARCH_PATHS = (
					"$(SDKROOT)/Developer/Library/Frameworks",
					"$(inherited)",
				);
				INFOPLIST_FILE = iVulcunTests/Info.plist;
				LD_RUNPATH_SEARCH_PATHS = "$(inherited) @executable_path/Frameworks @loader_path/Frameworks";
				PRODUCT_NAME = "$(TARGET_NAME)";
				TEST_HOST = "$(BUILT_PRODUCTS_DIR)/iVulcun.app/iVulcun";
			};
			name = Release;
		};
/* End XCBuildConfiguration section */

/* Begin XCConfigurationList section */
		4DF2927B1BAA176B009D2CA4 /* Build configuration list for PBXProject "iVulcun" */ = {
			isa = XCConfigurationList;
			buildConfigurations = (
				4DF292A41BAA176B009D2CA4 /* Debug */,
				4DF292A51BAA176B009D2CA4 /* Release */,
			);
			defaultConfigurationIsVisible = 0;
			defaultConfigurationName = Release;
		};
		4DF292A61BAA176B009D2CA4 /* Build configuration list for PBXNativeTarget "iVulcun" */ = {
			isa = XCConfigurationList;
			buildConfigurations = (
				4DF292A71BAA176B009D2CA4 /* Debug */,
				4DF292A81BAA176B009D2CA4 /* Release */,
			);
			defaultConfigurationIsVisible = 0;
			defaultConfigurationName = Release;
		};
		4DF292A91BAA176B009D2CA4 /* Build configuration list for PBXNativeTarget "iVulcunTests" */ = {
			isa = XCConfigurationList;
			buildConfigurations = (
				4DF292AA1BAA176B009D2CA4 /* Debug */,
				4DF292AB1BAA176B009D2CA4 /* Release */,
			);
			defaultConfigurationIsVisible = 0;
			defaultConfigurationName = Release;
		};
/* End XCConfigurationList section */

/* Begin XCVersionGroup section */
		4DF2928A1BAA176B009D2CA4 /* iVulcun.xcdatamodeld */ = {
			isa = XCVersionGroup;
			children = (
				4DF2928B1BAA176B009D2CA4 /* iVulcun.xcdatamodel */,
			);
			currentVersion = 4DF2928B1BAA176B009D2CA4 /* iVulcun.xcdatamodel */;
			path = iVulcun.xcdatamodeld;
			sourceTree = "<group>";
			versionGroupType = wrapper.xcdatamodel;
		};
/* End XCVersionGroup section */
	};
	rootObject = 4DF292781BAA176B009D2CA4 /* Project object */;
}
